
Microsoft Visual Studio Solution File, Format Version 12.00
# Visual Studio Version 16
VisualStudioVersion = 16.0.31624.102
MinimumVisualStudioVersion = 10.0.40219.1
Project("{FAE04EC0-301F-11D3-BF4B-00C04F79EFBC}") = "ChuongCauLua", "ChuongCauLua\ChuongCauLua.csproj", "{377A09F8-68B4-4F4D-AD3E-CEE002719397}"
EndProject
Global
	GlobalSection(SolutionConfigurationPlatforms) = preSolution
		Debug|Any CPU = Debug|Any CPU
		Release|Any CPU = Release|Any CPU
	EndGlobalSection
	GlobalSection(ProjectConfigurationPlatforms) = postSolution
		{377A09F8-68B4-4F4D-AD3E-CEE002719397}.Debug|Any CPU.ActiveCfg = Debug|Any CPU
		{377A09F8-68B4-4F4D-AD3E-CEE002719397}.Debug|Any CPU.Build.0 = Debug|Any CPU
		{377A09F8-68B4-4F4D-AD3E-CEE002719397}.Release|Any CPU.ActiveCfg = Release|Any CPU
		{377A09F8-68B4-4F4D-AD3E-CEE002719397}.Release|Any CPU.Build.0 = Release|Any CPU
	EndGlobalSection
	GlobalSection(SolutionProperties) = preSolution
		HideSolutionNode = FALSE
	EndGlobalSection
	GlobalSection(ExtensibilityGlobals) = postSolution
		SolutionGuid = {72F42EA0-B4ED-4894-9F8B-DC0CFB657BC3}
	EndGlobalSection
EndGlobal
